// !$*UTF8*$!
{
	archiveVersion = 1;
	classes = {
	};
	objectVersion = 56;
	objects = {

/* Begin PBXBuildFile section */
		16F006EE289EED9700E3BAC9 /* yankopref.h in Headers */ = {isa = PBXBuildFile; fileRef = 16F006ED289EED9700E3BAC9 /* yankopref.h */; };
		16F006F0289EED9700E3BAC9 /* yankopref.m in Sources */ = {isa = PBXBuildFile; fileRef = 16F006EF289EED9700E3BAC9 /* yankopref.m */; };
		16F006F2289EED9700E3BAC9 /* yankopref.tiff in Resources */ = {isa = PBXBuildFile; fileRef = 16F006F1289EED9700E3BAC9 /* yankopref.tiff */; };
		16F006F5289EED9700E3BAC9 /* yankopref.xib in Resources */ = {isa = PBXBuildFile; fileRef = 16F006F3289EED9700E3BAC9 /* yankopref.xib */; };
/* End PBXBuildFile section */

/* Begin PBXFileReference section */
		16F006EA289EED9700E3BAC9 /* yankopref.prefPane */ = {isa = PBXFileReference; explicitFileType = wrapper.cfbundle; includeInIndex = 0; path = yankopref.prefPane; sourceTree = BUILT_PRODUCTS_DIR; };
		16F006ED289EED9700E3BAC9 /* yankopref.h */ = {isa = PBXFileReference; lastKnownFileType = sourcecode.c.h; path = yankopref.h; sourceTree = "<group>"; };
		16F006EF289EED9700E3BAC9 /* yankopref.m */ = {isa = PBXFileReference; lastKnownFileType = sourcecode.c.objc; path = yankopref.m; sourceTree = "<group>"; };
		16F006F1289EED9700E3BAC9 /* yankopref.tiff */ = {isa = PBXFileReference; lastKnownFileType = image.tiff; path = yankopref.tiff; sourceTree = "<group>"; };
		16F006F4289EED9700E3BAC9 /* Base */ = {isa = PBXFileReference; lastKnownFileType = file.xib; name = Base; path = Base.lproj/yankopref.xib; sourceTree = "<group>"; };
		16F006F6289EED9700E3BAC9 /* Info.plist */ = {isa = PBXFileReference; lastKnownFileType = text.plist.xml; path = Info.plist; sourceTree = "<group>"; };
/* End PBXFileReference section */

/* Begin PBXFrameworksBuildPhase section */
		16F006E7289EED9700E3BAC9 /* Frameworks */ = {
			isa = PBXFrameworksBuildPhase;
			buildActionMask = 2147483647;
			files = (
			);
			runOnlyForDeploymentPostprocessing = 0;
		};
/* End PBXFrameworksBuildPhase section */

/* Begin PBXGroup section */
		16F006E0289EED9700E3BAC9 = {
			isa = PBXGroup;
			children = (
				16F006EC289EED9700E3BAC9 /* yankopref */,
				16F006EB289EED9700E3BAC9 /* Products */,
			);
			sourceTree = "<group>";
		};
		16F006EB289EED9700E3BAC9 /* Products */ = {
			isa = PBXGroup;
			children = (
				16F006EA289EED9700E3BAC9 /* yankopref.prefPane */,
			);
			name = Products;
			sourceTree = "<group>";
		};
		16F006EC289EED9700E3BAC9 /* yankopref */ = {
			isa = PBXGroup;
			children = (
				16F006ED289EED9700E3BAC9 /* yankopref.h */,
				16F006EF289EED9700E3BAC9 /* yankopref.m */,
				16F006F1289EED9700E3BAC9 /* yankopref.tiff */,
				16F006F3289EED9700E3BAC9 /* yankopref.xib */,
				16F006F6289EED9700E3BAC9 /* Info.plist */,
			);
			path = yankopref;
			sourceTree = "<group>";
		};
/* End PBXGroup section */

/* Begin PBXHeadersBuildPhase section */
		16F006E5289EED9700E3BAC9 /* Headers */ = {
			isa = PBXHeadersBuildPhase;
			buildActionMask = 2147483647;
			files = (
				16F006EE289EED9700E3BAC9 /* yankopref.h in Headers */,
			);
			runOnlyForDeploymentPostprocessing = 0;
		};
/* End PBXHeadersBuildPhase section */

/* Begin PBXNativeTarget section */
		16F006E9289EED9700E3BAC9 /* yankopref */ = {
			isa = PBXNativeTarget;
			buildConfigurationList = 16F006F9289EED9700E3BAC9 /* Build configuration list for PBXNativeTarget "yankopref" */;
			buildPhases = (
				16F006E5289EED9700E3BAC9 /* Headers */,
				16F006E6289EED9700E3BAC9 /* Sources */,
				16F006E7289EED9700E3BAC9 /* Frameworks */,
				16F006E8289EED9700E3BAC9 /* Resources */,
			);
			buildRules = (
			);
			dependencies = (
			);
			name = yankopref;
			productName = yankopref;
			productReference = 16F006EA289EED9700E3BAC9 /* yankopref.prefPane */;
			productType = "com.apple.product-type.bundle";
		};
/* End PBXNativeTarget section */

/* Begin PBXProject section */
		16F006E1289EED9700E3BAC9 /* Project object */ = {
			isa = PBXProject;
			attributes = {
				BuildIndependentTargetsInParallel = 1;
				LastUpgradeCheck = 1400;
				TargetAttributes = {
					16F006E9289EED9700E3BAC9 = {
						CreatedOnToolsVersion = 14.0;
					};
				};
			};
			buildConfigurationList = 16F006E4289EED9700E3BAC9 /* Build configuration list for PBXProject "yankopref" */;
			compatibilityVersion = "Xcode 14.0";
			developmentRegion = en;
			hasScannedForEncodings = 0;
			knownRegions = (
				en,
				Base,
			);
			mainGroup = 16F006E0289EED9700E3BAC9;
			productRefGroup = 16F006EB289EED9700E3BAC9 /* Products */;
			projectDirPath = "";
			projectRoot = "";
			targets = (
				16F006E9289EED9700E3BAC9 /* yankopref */,
			);
		};
/* End PBXProject section */

/* Begin PBXResourcesBuildPhase section */
		16F006E8289EED9700E3BAC9 /* Resources */ = {
			isa = PBXResourcesBuildPhase;
			buildActionMask = 2147483647;
			files = (
				16F006F2289EED9700E3BAC9 /* yankopref.tiff in Resources */,
				16F006F5289EED9700E3BAC9 /* yankopref.xib in Resources */,
			);
			runOnlyForDeploymentPostprocessing = 0;
		};
/* End PBXResourcesBuildPhase section */

/* Begin PBXSourcesBuildPhase section */
		16F006E6289EED9700E3BAC9 /* Sources */ = {
			isa = PBXSourcesBuildPhase;
			buildActionMask = 2147483647;
			files = (
				16F006F0289EED9700E3BAC9 /* yankopref.m in Sources */,
			);
			runOnlyForDeploymentPostprocessing = 0;
		};
/* End PBXSourcesBuildPhase section */

/* Begin PBXVariantGroup section */
		16F006F3289EED9700E3BAC9 /* yankopref.xib */ = {
			isa = PBXVariantGroup;
			children = (
				16F006F4289EED9700E3BAC9 /* Base */,
			);
			name = yankopref.xib;
			sourceTree = "<group>";
		};
/* End PBXVariantGroup section */

/* Begin XCBuildConfiguration section */
		16F006F7289EED9700E3BAC9 /* Debug */ = {
			isa = XCBuildConfiguration;
			buildSettings = {
				ALWAYS_SEARCH_USER_PATHS = NO;
				CLANG_ANALYZER_NONNULL = YES;
				CLANG_ANALYZER_NUMBER_OBJECT_CONVERSION = YES_AGGRESSIVE;
				CLANG_CXX_LANGUAGE_STANDARD = "gnu++20";
				CLANG_ENABLE_MODULES = YES;
				CLANG_ENABLE_OBJC_ARC = YES;
				CLANG_ENABLE_OBJC_WEAK = YES;
				CLANG_WARN_BLOCK_CAPTURE_AUTORELEASING = YES;
				CLANG_WARN_BOOL_CONVERSION = YES;
				CLANG_WARN_COMMA = YES;
				CLANG_WARN_CONSTANT_CONVERSION = YES;
				CLANG_WARN_DEPRECATED_OBJC_IMPLEMENTATIONS = YES;
				CLANG_WARN_DIRECT_OBJC_ISA_USAGE = YES_ERROR;
				CLANG_WARN_DOCUMENTATION_COMMENTS = YES;
				CLANG_WARN_EMPTY_BODY = YES;
				CLANG_WARN_ENUM_CONVERSION = YES;
				CLANG_WARN_INFINITE_RECURSION = YES;
				CLANG_WARN_INT_CONVERSION = YES;
				CLANG_WARN_NON_LITERAL_NULL_CONVERSION = YES;
				CLANG_WARN_OBJC_IMPLICIT_RETAIN_SELF = YES;
				CLANG_WARN_OBJC_LITERAL_CONVERSION = YES;
				CLANG_WARN_OBJC_ROOT_CLASS = YES_ERROR;
				CLANG_WARN_QUOTED_INCLUDE_IN_FRAMEWORK_HEADER = YES;
				CLANG_WARN_RANGE_LOOP_ANALYSIS = YES;
				CLANG_WARN_STRICT_PROTOTYPES = YES;
				CLANG_WARN_SUSPICIOUS_MOVE = YES;
				CLANG_WARN_UNGUARDED_AVAILABILITY = YES_AGGRESSIVE;
				CLANG_WARN_UNREACHABLE_CODE = YES;
				CLANG_WARN__DUPLICATE_METHOD_MATCH = YES;
				COPY_PHASE_STRIP = NO;
				DEBUG_INFORMATION_FORMAT = dwarf;
				ENABLE_STRICT_OBJC_MSGSEND = YES;
				ENABLE_TESTABILITY = YES;
				GCC_C_LANGUAGE_STANDARD = gnu11;
				GCC_DYNAMIC_NO_PIC = NO;
				GCC_NO_COMMON_BLOCKS = YES;
				GCC_OPTIMIZATION_LEVEL = 0;
				GCC_PREPROCESSOR_DEFINITIONS = (
					"DEBUG=1",
					"$(inherited)",
				);
				GCC_WARN_64_TO_32_BIT_CONVERSION = YES;
				GCC_WARN_ABOUT_RETURN_TYPE = YES_ERROR;
				GCC_WARN_UNDECLARED_SELECTOR = YES;
				GCC_WARN_UNINITIALIZED_AUTOS = YES_AGGRESSIVE;
				GCC_WARN_UNUSED_FUNCTION = YES;
				GCC_WARN_UNUSED_VARIABLE = YES;
				MACOSX_DEPLOYMENT_TARGET = 13.0;
				MTL_ENABLE_DEBUG_INFO = INCLUDE_SOURCE;
				MTL_FAST_MATH = YES;
				ONLY_ACTIVE_ARCH = YES;
				SDKROOT = macosx;
			};
			name = Debug;
		};
		16F006F8289EED9700E3BAC9 /* Release */ = {
			isa = XCBuildConfiguration;
			buildSettings = {
				ALWAYS_SEARCH_USER_PATHS = NO;
				CLANG_ANALYZER_NONNULL = YES;
				CLANG_ANALYZER_NUMBER_OBJECT_CONVERSION = YES_AGGRESSIVE;
				CLANG_CXX_LANGUAGE_STANDARD = "gnu++20";
				CLANG_ENABLE_MODULES = YES;
				CLANG_ENABLE_OBJC_ARC = YES;
				CLANG_ENABLE_OBJC_WEAK = YES;
				CLANG_WARN_BLOCK_CAPTURE_AUTORELEASING = YES;
				CLANG_WARN_BOOL_CONVERSION = YES;
				CLANG_WARN_COMMA = YES;
				CLANG_WARN_CONSTANT_CONVERSION = YES;
				CLANG_WARN_DEPRECATED_OBJC_IMPLEMENTATIONS = YES;
				CLANG_WARN_DIRECT_OBJC_ISA_USAGE = YES_ERROR;
				CLANG_WARN_DOCUMENTATION_COMMENTS = YES;
				CLANG_WARN_EMPTY_BODY = YES;
				CLANG_WARN_ENUM_CONVERSION = YES;
				CLANG_WARN_INFINITE_RECURSION = YES;
				CLANG_WARN_INT_CONVERSION = YES;
				CLANG_WARN_NON_LITERAL_NULL_CONVERSION = YES;
				CLANG_WARN_OBJC_IMPLICIT_RETAIN_SELF = YES;
				CLANG_WARN_OBJC_LITERAL_CONVERSION = YES;
				CLANG_WARN_OBJC_ROOT_CLASS = YES_ERROR;
				CLANG_WARN_QUOTED_INCLUDE_IN_FRAMEWORK_HEADER = YES;
				CLANG_WARN_RANGE_LOOP_ANALYSIS = YES;
				CLANG_WARN_STRICT_PROTOTYPES = YES;
				CLANG_WARN_SUSPICIOUS_MOVE = YES;
				CLANG_WARN_UNGUARDED_AVAILABILITY = YES_AGGRESSIVE;
				CLANG_WARN_UNREACHABLE_CODE = YES;
				CLANG_WARN__DUPLICATE_METHOD_MATCH = YES;
				COPY_PHASE_STRIP = NO;
				DEBUG_INFORMATION_FORMAT = "dwarf-with-dsym";
				ENABLE_NS_ASSERTIONS = NO;
				ENABLE_STRICT_OBJC_MSGSEND = YES;
				GCC_C_LANGUAGE_STANDARD = gnu11;
				GCC_NO_COMMON_BLOCKS = YES;
				GCC_WARN_64_TO_32_BIT_CONVERSION = YES;
				GCC_WARN_ABOUT_RETURN_TYPE = YES_ERROR;
				GCC_WARN_UNDECLARED_SELECTOR = YES;
				GCC_WARN_UNINITIALIZED_AUTOS = YES_AGGRESSIVE;
				GCC_WARN_UNUSED_FUNCTION = YES;
				GCC_WARN_UNUSED_VARIABLE = YES;
				MACOSX_DEPLOYMENT_TARGET = 13.0;
				MTL_ENABLE_DEBUG_INFO = NO;
				MTL_FAST_MATH = YES;
				SDKROOT = macosx;
			};
			name = Release;
		};
		16F006FA289EED9700E3BAC9 /* Debug */ = {
			isa = XCBuildConfiguration;
			buildSettings = {
				CODE_SIGN_STYLE = Automatic;
				COMBINE_HIDPI_IMAGES = YES;
				CURRENT_PROJECT_VERSION = 1;
				DEVELOPMENT_TEAM = SPBF9BNRG3;
				GENERATE_INFOPLIST_FILE = YES;
				INFOPLIST_FILE = yankopref/Info.plist;
				INFOPLIST_KEY_NSHumanReadableCopyright = "";
				INFOPLIST_KEY_NSMainNibFile = yankopref;
				INFOPLIST_KEY_NSPrincipalClass = yankopref;
				INSTALL_PATH = "$(HOME)/Library/PreferencePanes";
				MACOSX_DEPLOYMENT_TARGET = 12.4;
				MARKETING_VERSION = 1.0;
				PRODUCT_BUNDLE_IDENTIFIER = net.cacko.yankopref;
				PRODUCT_NAME = "$(TARGET_NAME)";
				SWIFT_EMIT_LOC_STRINGS = YES;
				WRAPPER_EXTENSION = prefPane;
			};
			name = Debug;
		};
		16F006FB289EED9700E3BAC9 /* Release */ = {
			isa = XCBuildConfiguration;
			buildSettings = {
				CODE_SIGN_STYLE = Automatic;
				COMBINE_HIDPI_IMAGES = YES;
				CURRENT_PROJECT_VERSION = 1;
				DEVELOPMENT_TEAM = SPBF9BNRG3;
				GENERATE_INFOPLIST_FILE = YES;
				INFOPLIST_FILE = yankopref/Info.plist;
				INFOPLIST_KEY_NSHumanReadableCopyright = "";
				INFOPLIST_KEY_NSMainNibFile = yankopref;
				INFOPLIST_KEY_NSPrincipalClass = yankopref;
				INSTALL_PATH = "$(HOME)/Library/PreferencePanes";
				MACOSX_DEPLOYMENT_TARGET = 12.4;
				MARKETING_VERSION = 1.0;
				PRODUCT_BUNDLE_IDENTIFIER = net.cacko.yankopref;
				PRODUCT_NAME = "$(TARGET_NAME)";
				SWIFT_EMIT_LOC_STRINGS = YES;
				WRAPPER_EXTENSION = prefPane;
			};
			name = Release;
		};
/* End XCBuildConfiguration section */

/* Begin XCConfigurationList section */
		16F006E4289EED9700E3BAC9 /* Build configuration list for PBXProject "yankopref" */ = {
			isa = XCConfigurationList;
			buildConfigurations = (
				16F006F7289EED9700E3BAC9 /* Debug */,
				16F006F8289EED9700E3BAC9 /* Release */,
			);
			defaultConfigurationIsVisible = 0;
			defaultConfigurationName = Release;
		};
		16F006F9289EED9700E3BAC9 /* Build configuration list for PBXNativeTarget "yankopref" */ = {
			isa = XCConfigurationList;
			buildConfigurations = (
				16F006FA289EED9700E3BAC9 /* Debug */,
				16F006FB289EED9700E3BAC9 /* Release */,
			);
			defaultConfigurationIsVisible = 0;
			defaultConfigurationName = Release;
		};
/* End XCConfigurationList section */
	};
	rootObject = 16F006E1289EED9700E3BAC9 /* Project object */;
}
